
Microsoft Visual Studio Solution File, Format Version 12.00
# Visual Studio 15
VisualStudioVersion = 15.0.28010.2050
MinimumVisualStudioVersion = 10.0.40219.1
Project("{2150E333-8FDC-42A3-9474-1A3956D46DE8}") = "doc", "doc", "{BB92E407-C6AA-410D-83C2-00B4D90D42A0}"
	ProjectSection(SolutionItems) = preProject
		CHANGELOG = CHANGELOG
		directui.nuspec = directui.nuspec
		LICENSE = LICENSE
		publish.bat = publish.bat
		README.md = README.md
		VERSION = VERSION
	EndProjectSection
EndProject
Project("{2150E333-8FDC-42A3-9474-1A3956D46DE8}") = "test", "test", "{C02D40E1-57B8-4818-9DC8-4A23D74D124F}"
EndProject
Project("{FAE04EC0-301F-11D3-BF4B-00C04F79EFBC}") = "Microsoft.Demo", "test\Microsoft.Demo\Microsoft.Demo.csproj", "{E4E2C35B-11F4-4059-BF72-3A7FDC5DF674}"
EndProject
Project("{FAE04EC0-301F-11D3-BF4B-00C04F79EFBC}") = "Microsoft.Test", "test\Microsoft.Test\Microsoft.Test.csproj", "{D80F5555-161E-42FE-BFAD-88795C94F236}"
EndProject
Project("{FAE04EC0-301F-11D3-BF4B-00C04F79EFBC}") = "Microsoft", "src\Microsoft\Microsoft.csproj", "{F2A4D4C2-A948-4351-9D46-117F372AB4A4}"
EndProject
Project("{FAE04EC0-301F-11D3-BF4B-00C04F79EFBC}") = "Microsoft.Win32", "src\Microsoft.Win32\Microsoft.Win32.csproj", "{B1D6B045-127C-47FC-ADF2-CE3957F4D694}"
EndProject
Project("{FAE04EC0-301F-11D3-BF4B-00C04F79EFBC}") = "Microsoft.Drawing", "src\Microsoft.Drawing\Microsoft.Drawing.csproj", "{2421B8B6-355E-4E6E-8955-1BEB1A4C1B84}"
EndProject
Project("{FAE04EC0-301F-11D3-BF4B-00C04F79EFBC}") = "Microsoft.Windows.Forms", "src\Microsoft.Windows.Forms\Microsoft.Windows.Forms.csproj", "{3C753557-ECBB-4963-904C-E42E79E0D344}"
EndProject
Global
	GlobalSection(SolutionConfigurationPlatforms) = preSolution
		Debug|Any CPU = Debug|Any CPU
		Release|Any CPU = Release|Any CPU
	EndGlobalSection
	GlobalSection(ProjectConfigurationPlatforms) = postSolution
		{E4E2C35B-11F4-4059-BF72-3A7FDC5DF674}.Debug|Any CPU.ActiveCfg = Debug|Any CPU
		{E4E2C35B-11F4-4059-BF72-3A7FDC5DF674}.Debug|Any CPU.Build.0 = Debug|Any CPU
		{E4E2C35B-11F4-4059-BF72-3A7FDC5DF674}.Release|Any CPU.ActiveCfg = Release|Any CPU
		{E4E2C35B-11F4-4059-BF72-3A7FDC5DF674}.Release|Any CPU.Build.0 = Release|Any CPU
		{D80F5555-161E-42FE-BFAD-88795C94F236}.Debug|Any CPU.ActiveCfg = Debug|Any CPU
		{D80F5555-161E-42FE-BFAD-88795C94F236}.Debug|Any CPU.Build.0 = Debug|Any CPU
		{D80F5555-161E-42FE-BFAD-88795C94F236}.Release|Any CPU.ActiveCfg = Release|Any CPU
		{D80F5555-161E-42FE-BFAD-88795C94F236}.Release|Any CPU.Build.0 = Release|Any CPU
		{F2A4D4C2-A948-4351-9D46-117F372AB4A4}.Debug|Any CPU.ActiveCfg = Debug|Any CPU
		{F2A4D4C2-A948-4351-9D46-117F372AB4A4}.Debug|Any CPU.Build.0 = Debug|Any CPU
		{F2A4D4C2-A948-4351-9D46-117F372AB4A4}.Release|Any CPU.ActiveCfg = Release|Any CPU
		{F2A4D4C2-A948-4351-9D46-117F372AB4A4}.Release|Any CPU.Build.0 = Release|Any CPU
		{B1D6B045-127C-47FC-ADF2-CE3957F4D694}.Debug|Any CPU.ActiveCfg = Debug|Any CPU
		{B1D6B045-127C-47FC-ADF2-CE3957F4D694}.Debug|Any CPU.Build.0 = Debug|Any CPU
		{B1D6B045-127C-47FC-ADF2-CE3957F4D694}.Release|Any CPU.ActiveCfg = Release|Any CPU
		{B1D6B045-127C-47FC-ADF2-CE3957F4D694}.Release|Any CPU.Build.0 = Release|Any CPU
		{2421B8B6-355E-4E6E-8955-1BEB1A4C1B84}.Debug|Any CPU.ActiveCfg = Debug|Any CPU
		{2421B8B6-355E-4E6E-8955-1BEB1A4C1B84}.Debug|Any CPU.Build.0 = Debug|Any CPU
		{2421B8B6-355E-4E6E-8955-1BEB1A4C1B84}.Release|Any CPU.ActiveCfg = Release|Any CPU
		{2421B8B6-355E-4E6E-8955-1BEB1A4C1B84}.Release|Any CPU.Build.0 = Release|Any CPU
		{3C753557-ECBB-4963-904C-E42E79E0D344}.Debug|Any CPU.ActiveCfg = Debug|Any CPU
		{3C753557-ECBB-4963-904C-E42E79E0D344}.Debug|Any CPU.Build.0 = Debug|Any CPU
		{3C753557-ECBB-4963-904C-E42E79E0D344}.Release|Any CPU.ActiveCfg = Release|Any CPU
		{3C753557-ECBB-4963-904C-E42E79E0D344}.Release|Any CPU.Build.0 = Release|Any CPU
	EndGlobalSection
	GlobalSection(SolutionProperties) = preSolution
		HideSolutionNode = FALSE
	EndGlobalSection
	GlobalSection(NestedProjects) = preSolution
		{E4E2C35B-11F4-4059-BF72-3A7FDC5DF674} = {C02D40E1-57B8-4818-9DC8-4A23D74D124F}
		{D80F5555-161E-42FE-BFAD-88795C94F236} = {C02D40E1-57B8-4818-9DC8-4A23D74D124F}
	EndGlobalSection
	GlobalSection(ExtensibilityGlobals) = postSolution
		SolutionGuid = {D9291D83-EF9B-4679-8E4C-4DA186B54BD2}
	EndGlobalSection
EndGlobal
